// !$*UTF8*$!
{
	archiveVersion = 1;
	classes = {
	};
	objectVersion = 71;
	objects = {

/* Begin PBXBuildFile section */
		A00000000000000000000001 /* SomedayBoxApp.swift in Sources */ = {isa = PBXBuildFile; fileRef = A10000000000000000000001 /* SomedayBoxApp.swift */; };
		A00000000000000000000002 /* RootTabView.swift in Sources */ = {isa = PBXBuildFile; fileRef = A10000000000000000000002 /* RootTabView.swift */; };
		A00000000000000000000003 /* BoxItem.swift in Sources */ = {isa = PBXBuildFile; fileRef = A10000000000000000000003 /* BoxItem.swift */; };
		A00000000000000000000004 /* DrawPolicy.swift in Sources */ = {isa = PBXBuildFile; fileRef = A10000000000000000000004 /* DrawPolicy.swift */; };
		A00000000000000000000005 /* ProductRepository.swift in Sources */ = {isa = PBXBuildFile; fileRef = A10000000000000000000005 /* ProductRepository.swift */; };
		A00000000000000000000006 /* StoreGenerationConfiguration.swift in Sources */ = {isa = PBXBuildFile; fileRef = A10000000000000000000006 /* StoreGenerationConfiguration.swift */; };
		A00000000000000000000007 /* HomeView.swift in Sources */ = {isa = PBXBuildFile; fileRef = A10000000000000000000007 /* HomeView.swift */; };
		A00000000000000000000008 /* BoxView.swift in Sources */ = {isa = PBXBuildFile; fileRef = A10000000000000000000008 /* BoxView.swift */; };
		A00000000000000000000009 /* MemoriesView.swift in Sources */ = {isa = PBXBuildFile; fileRef = A10000000000000000000009 /* MemoriesView.swift */; };
		A0000000000000000000000A /* Brand.swift in Sources */ = {isa = PBXBuildFile; fileRef = A1000000000000000000000A /* Brand.swift */; };
		A0000000000000000000000B /* Localizable.xcstrings in Resources */ = {isa = PBXBuildFile; fileRef = A1000000000000000000000B /* Localizable.xcstrings */; };
		A0000000000000000000000C /* PrivacyInfo.xcprivacy in Resources */ = {isa = PBXBuildFile; fileRef = A1000000000000000000000C /* PrivacyInfo.xcprivacy */; };
		A0000000000000000000000D /* DrawPolicyTests.swift in Sources */ = {isa = PBXBuildFile; fileRef = A1000000000000000000000E /* DrawPolicyTests.swift */; };
		A0000000000000000000000E /* AppLaunchTests.swift in Sources */ = {isa = PBXBuildFile; fileRef = A1000000000000000000000F /* AppLaunchTests.swift */; };
		C00000000000000000000001 /* ContentValidation.swift in Sources */ = {isa = PBXBuildFile; fileRef = C10000000000000000000001 /* ContentValidation.swift */; };
		C00000000000000000000002 /* DrawJournal.swift in Sources */ = {isa = PBXBuildFile; fileRef = C10000000000000000000002 /* DrawJournal.swift */; };
		C00000000000000000000003 /* LifecyclePolicy.swift in Sources */ = {isa = PBXBuildFile; fileRef = C10000000000000000000003 /* LifecyclePolicy.swift */; };
		C00000000000000000000004 /* PersistedStateValidator.swift in Sources */ = {isa = PBXBuildFile; fileRef = C10000000000000000000004 /* PersistedStateValidator.swift */; };
		C00000000000000000000005 /* DomainValidationTests.swift in Sources */ = {isa = PBXBuildFile; fileRef = C10000000000000000000005 /* DomainValidationTests.swift */; };
		C00000000000000000000006 /* PersistedStateValidatorTests.swift in Sources */ = {isa = PBXBuildFile; fileRef = C10000000000000000000006 /* PersistedStateValidatorTests.swift */; };
		D00000000000000000000001 /* MutationArbiter.swift in Sources */ = {isa = PBXBuildFile; fileRef = D10000000000000000000001 /* MutationArbiter.swift */; };
		D00000000000000000000002 /* PaperUseCases.swift in Sources */ = {isa = PBXBuildFile; fileRef = D10000000000000000000002 /* PaperUseCases.swift */; };
		D00000000000000000000003 /* DrawUseCases.swift in Sources */ = {isa = PBXBuildFile; fileRef = D10000000000000000000003 /* DrawUseCases.swift */; };
		D00000000000000000000004 /* LifecycleUseCases.swift in Sources */ = {isa = PBXBuildFile; fileRef = D10000000000000000000004 /* LifecycleUseCases.swift */; };
		D00000000000000000000005 /* SomedayBoxSchemaV1.swift in Sources */ = {isa = PBXBuildFile; fileRef = D10000000000000000000005 /* SomedayBoxSchemaV1.swift */; };
		D00000000000000000000006 /* StoreGenerationBootstrap.swift in Sources */ = {isa = PBXBuildFile; fileRef = D10000000000000000000006 /* StoreGenerationBootstrap.swift */; };
		D00000000000000000000007 /* SwiftDataDomainMapping.swift in Sources */ = {isa = PBXBuildFile; fileRef = D10000000000000000000007 /* SwiftDataDomainMapping.swift */; };
		D00000000000000000000008 /* SwiftDataProductRepository.swift in Sources */ = {isa = PBXBuildFile; fileRef = D10000000000000000000008 /* SwiftDataProductRepository.swift */; };
		D00000000000000000000009 /* ApplicationUseCaseTests.swift in Sources */ = {isa = PBXBuildFile; fileRef = D10000000000000000000009 /* ApplicationUseCaseTests.swift */; };
		D0000000000000000000000A /* SwiftDataPersistenceTests.swift in Sources */ = {isa = PBXBuildFile; fileRef = D1000000000000000000000A /* SwiftDataPersistenceTests.swift */; };
		E00000000000000000000001 /* BackupDocument.swift in Sources */ = {isa = PBXBuildFile; fileRef = E10000000000000000000001 /* BackupDocument.swift */; };
		E00000000000000000000002 /* BackupDocumentTests.swift in Sources */ = {isa = PBXBuildFile; fileRef = E10000000000000000000002 /* BackupDocumentTests.swift */; };
		F00000000000000000000001 /* GenerationProductRepository.swift in Sources */ = {isa = PBXBuildFile; fileRef = F10000000000000000000001 /* GenerationProductRepository.swift */; };
		F00000000000000000000002 /* StoreGenerationOperationJournal.swift in Sources */ = {isa = PBXBuildFile; fileRef = F10000000000000000000002 /* StoreGenerationOperationJournal.swift */; };
		F00000000000000000000003 /* GenerationProductRepositoryTests.swift in Sources */ = {isa = PBXBuildFile; fileRef = F10000000000000000000003 /* GenerationProductRepositoryTests.swift */; };
		G00000000000000000000001 /* BackupFileReader.swift in Sources */ = {isa = PBXBuildFile; fileRef = G10000000000000000000001 /* BackupFileReader.swift */; };
		H00000000000000000000001 /* SharePayloadExtraction.swift in Sources */ = {isa = PBXBuildFile; fileRef = H10000000000000000000001 /* SharePayloadExtraction.swift */; };
		H00000000000000000000002 /* SharePayloadExtractionTests.swift in Sources */ = {isa = PBXBuildFile; fileRef = H10000000000000000000002 /* SharePayloadExtractionTests.swift */; };
		H00000000000000000000003 /* ShareViewController.swift in Sources */ = {isa = PBXBuildFile; fileRef = H10000000000000000000003 /* ShareViewController.swift */; };
		H00000000000000000000004 /* BoxItem.swift in Sources */ = {isa = PBXBuildFile; fileRef = A10000000000000000000003 /* BoxItem.swift */; };
		H00000000000000000000005 /* ContentValidation.swift in Sources */ = {isa = PBXBuildFile; fileRef = C10000000000000000000001 /* ContentValidation.swift */; };
		H00000000000000000000006 /* SharePayloadExtraction.swift in Sources */ = {isa = PBXBuildFile; fileRef = H10000000000000000000001 /* SharePayloadExtraction.swift */; };
		H00000000000000000000007 /* ShareExtension.appex in Embed App Extensions */ = {isa = PBXBuildFile; fileRef = H10000000000000000000006 /* ShareExtension.appex */; settings = {ATTRIBUTES = (RemoveHeadersOnCopy, ); }; };
		I00000000000000000000001 /* ShareMailbox.swift in Sources */ = {isa = PBXBuildFile; fileRef = I10000000000000000000001 /* ShareMailbox.swift */; };
		I00000000000000000000002 /* ShareMailbox.swift in Sources */ = {isa = PBXBuildFile; fileRef = I10000000000000000000001 /* ShareMailbox.swift */; };
		J00000000000000000000001 /* CoreBoxPresentation.swift in Sources */ = {isa = PBXBuildFile; fileRef = J10000000000000000000001 /* CoreBoxPresentation.swift */; };
		J00000000000000000000002 /* CoreBoxPresentationTests.swift in Sources */ = {isa = PBXBuildFile; fileRef = J10000000000000000000002 /* CoreBoxPresentationTests.swift */; };
		J00000000000000000000003 /* LegacyV2ProductReader.swift in Sources */ = {isa = PBXBuildFile; fileRef = J10000000000000000000003 /* LegacyV2ProductReader.swift */; };
		J00000000000000000000004 /* BackupDocumentV3.swift in Sources */ = {isa = PBXBuildFile; fileRef = J10000000000000000000004 /* BackupDocumentV3.swift */; };
		J00000000000000000000007 /* StoreRecoveryService.swift in Sources */ = {isa = PBXBuildFile; fileRef = J10000000000000000000007 /* StoreRecoveryService.swift */; };
		J00000000000000000000008 /* Recovery/StoreRecoveryView.swift in Sources */ = {isa = PBXBuildFile; fileRef = J10000000000000000000008 /* Recovery/StoreRecoveryView.swift */; };
		J00000000000000000000009 /* StoreRecoveryTests.swift in Sources */ = {isa = PBXBuildFile; fileRef = J10000000000000000000009 /* StoreRecoveryTests.swift */; };
		K00000000000000000000001 /* CoreBoxProofIdentityTests.swift in Sources */ = {isa = PBXBuildFile; fileRef = K10000000000000000000001 /* CoreBoxProofIdentityTests.swift */; };
		K00000000000000000000002 /* Generated/CoreBoxProofIdentity.generated.swift in Sources */ = {isa = PBXBuildFile; fileRef = K10000000000000000000002 /* Generated/CoreBoxProofIdentity.generated.swift */; };
		K00000000000000000000003 /* Fixtures/CoreBoxProofFull.usdz in Resources */ = {isa = PBXBuildFile; fileRef = K10000000000000000000003 /* Fixtures/CoreBoxProofFull.usdz */; };
		K00000000000000000000004 /* Fixtures/CoreBoxProofLite.usdz in Resources */ = {isa = PBXBuildFile; fileRef = K10000000000000000000004 /* Fixtures/CoreBoxProofLite.usdz */; };
		K00000000000000000000005 /* Fixtures/CoreBoxProofReport.json in Resources */ = {isa = PBXBuildFile; fileRef = K10000000000000000000005 /* Fixtures/CoreBoxProofReport.json */; };
		L00000000000000000000001 /* CoreBoxAssetLoader.swift in Sources */ = {isa = PBXBuildFile; fileRef = L10000000000000000000001 /* CoreBoxAssetLoader.swift */; };
		L00000000000000000000002 /* CoreBoxAssetValidator.swift in Sources */ = {isa = PBXBuildFile; fileRef = L10000000000000000000002 /* CoreBoxAssetValidator.swift */; };
		L00000000000000000000003 /* CoreBoxSceneAdapter.swift in Sources */ = {isa = PBXBuildFile; fileRef = L10000000000000000000003 /* CoreBoxSceneAdapter.swift */; };
		L00000000000000000000004 /* CoreBox2DAdapter.swift in Sources */ = {isa = PBXBuildFile; fileRef = L10000000000000000000004 /* CoreBox2DAdapter.swift */; };
		L00000000000000000000005 /* Fixtures/CoreBoxProofAssetSource.swift in Sources */ = {isa = PBXBuildFile; fileRef = L10000000000000000000005 /* Fixtures/CoreBoxProofAssetSource.swift */; };
		L00000000000000000000006 /* CoreBoxRealityKitAssetTests.swift in Sources */ = {isa = PBXBuildFile; fileRef = L10000000000000000000006 /* CoreBoxRealityKitAssetTests.swift */; };
		L00000000000000000000007 /* CoreBox2DParityTests.swift in Sources */ = {isa = PBXBuildFile; fileRef = L10000000000000000000007 /* CoreBox2DParityTests.swift */; };
		L00000000000000000000008 /* CoreBoxMotionRecipe.swift in Sources */ = {isa = PBXBuildFile; fileRef = L10000000000000000000008 /* CoreBoxMotionRecipe.swift */; };
		L00000000000000000000009 /* CoreBoxMotionRecipeTests.swift in Sources */ = {isa = PBXBuildFile; fileRef = L10000000000000000000009 /* CoreBoxMotionRecipeTests.swift */; };
		L0000000000000000000000A /* Support/CoreBoxTestFixtures.swift in Sources */ = {isa = PBXBuildFile; fileRef = L1000000000000000000000A /* Support/CoreBoxTestFixtures.swift */; };
		L0000000000000000000000B /* CoreBoxTransactionReceiptTests.swift in Sources */ = {isa = PBXBuildFile; fileRef = L1000000000000000000000B /* CoreBoxTransactionReceiptTests.swift */; };
		M00000000000000000000001 /* CoreBoxMutationOutcome.swift in Sources */ = {isa = PBXBuildFile; fileRef = M10000000000000000000001 /* CoreBoxMutationOutcome.swift */; };
		M00000000000000000000002 /* CoreBoxProjection.swift in Sources */ = {isa = PBXBuildFile; fileRef = M10000000000000000000002 /* CoreBoxProjection.swift */; };
		M00000000000000000000003 /* AppModelPresentationTests.swift in Sources */ = {isa = PBXBuildFile; fileRef = M10000000000000000000003 /* AppModelPresentationTests.swift */; };
		M00000000000000000000004 /* CoreBoxPreferenceMigrationTests.swift in Sources */ = {isa = PBXBuildFile; fileRef = M10000000000000000000004 /* CoreBoxPreferenceMigrationTests.swift */; };
		M00000000000000000000005 /* CoreBoxProjectionTests.swift in Sources */ = {isa = PBXBuildFile; fileRef = M10000000000000000000005 /* CoreBoxProjectionTests.swift */; };
		M00000000000000000000006 /* CoreBoxPresentationCoordinator.swift in Sources */ = {isa = PBXBuildFile; fileRef = M10000000000000000000006 /* CoreBoxPresentationCoordinator.swift */; };
		M00000000000000000000007 /* CoreBoxPresentationCoordinatorTests.swift in Sources */ = {isa = PBXBuildFile; fileRef = M10000000000000000000007 /* CoreBoxPresentationCoordinatorTests.swift */; };
		M00000000000000000000008 /* CoreBoxInteractionSurface.swift in Sources */ = {isa = PBXBuildFile; fileRef = M10000000000000000000008 /* CoreBoxInteractionSurface.swift */; };
		M00000000000000000000009 /* CoreBoxRibbonInteractionTests.swift in Sources */ = {isa = PBXBuildFile; fileRef = M10000000000000000000009 /* CoreBoxRibbonInteractionTests.swift */; };
		M0000000000000000000000A /* CoreBoxIdleScheduler.swift in Sources */ = {isa = PBXBuildFile; fileRef = M1000000000000000000000A /* CoreBoxIdleScheduler.swift */; };
		M0000000000000000000000B /* CoreBoxRendererHealthPolicy.swift in Sources */ = {isa = PBXBuildFile; fileRef = M1000000000000000000000B /* CoreBoxRendererHealthPolicy.swift */; };
		M0000000000000000000000C /* CoreBoxIdleSchedulerTests.swift in Sources */ = {isa = PBXBuildFile; fileRef = M1000000000000000000000C /* CoreBoxIdleSchedulerTests.swift */; };
		M0000000000000000000000D /* CoreBoxRendererHealthPolicyTests.swift in Sources */ = {isa = PBXBuildFile; fileRef = M1000000000000000000000D /* CoreBoxRendererHealthPolicyTests.swift */; };
		N00000000000000000000001 /* CoreBoxRendererHealthMonitor.swift in Sources */ = {isa = PBXBuildFile; fileRef = N10000000000000000000001 /* CoreBoxRendererHealthMonitor.swift */; };
		N00000000000000000000002 /* CoreBoxStage.swift in Sources */ = {isa = PBXBuildFile; fileRef = N10000000000000000000002 /* CoreBoxStage.swift */; };
		N00000000000000000000003 /* CoreBoxRealityStage.swift in Sources */ = {isa = PBXBuildFile; fileRef = N10000000000000000000003 /* CoreBoxRealityStage.swift */; };
		N00000000000000000000004 /* CoreBoxStageLifecycleTests.swift in Sources */ = {isa = PBXBuildFile; fileRef = N10000000000000000000004 /* CoreBoxStageLifecycleTests.swift */; };
		N00000000000000000000005 /* DrawContextPicker.swift in Sources */ = {isa = PBXBuildFile; fileRef = N10000000000000000000005 /* DrawContextPicker.swift */; };
		N00000000000000000000006 /* UITestLaunchConfiguration.swift in Sources */ = {isa = PBXBuildFile; fileRef = N10000000000000000000006 /* UITestLaunchConfiguration.swift */; };
		N00000000000000000000007 /* Support/UITestLauncher.swift in Sources */ = {isa = PBXBuildFile; fileRef = N10000000000000000000007 /* Support/UITestLauncher.swift */; };
		N00000000000000000000008 /* UITestLaunchConfigurationTests.swift in Sources */ = {isa = PBXBuildFile; fileRef = N10000000000000000000008 /* UITestLaunchConfigurationTests.swift */; };
		O00000000000000000000001 /* CoreBoxApplicationAssetSource.swift in Sources */ = {isa = PBXBuildFile; fileRef = O10000000000000000000001 /* CoreBoxApplicationAssetSource.swift */; };
		D20000000000000000000001 /* CoreBoxCompatibilityHostApp.swift in Sources */ = {isa = PBXBuildFile; fileRef = D30000000000000000000001 /* CoreBoxCompatibilityHostApp.swift */; };
		D20000000000000000000002 /* CoreBoxCompatibilityProbeView.swift in Sources */ = {isa = PBXBuildFile; fileRef = D30000000000000000000002 /* CoreBoxCompatibilityProbeView.swift */; };
		D20000000000000000000003 /* CoreBoxProofAssetSource.swift in Sources */ = {isa = PBXBuildFile; fileRef = D30000000000000000000003 /* CoreBoxProofAssetSource.swift */; };
		D20000000000000000000004 /* CoreBoxPresentation.swift in Sources */ = {isa = PBXBuildFile; fileRef = J10000000000000000000001 /* CoreBoxPresentation.swift */; };
		D20000000000000000000005 /* CoreBoxMotionRecipe.swift in Sources */ = {isa = PBXBuildFile; fileRef = L10000000000000000000008 /* CoreBoxMotionRecipe.swift */; };
		D20000000000000000000006 /* CoreBoxAssetLoader.swift in Sources */ = {isa = PBXBuildFile; fileRef = L10000000000000000000001 /* CoreBoxAssetLoader.swift */; };
		D20000000000000000000007 /* CoreBoxAssetValidator.swift in Sources */ = {isa = PBXBuildFile; fileRef = L10000000000000000000002 /* CoreBoxAssetValidator.swift */; };
		D20000000000000000000008 /* CoreBoxSceneAdapter.swift in Sources */ = {isa = PBXBuildFile; fileRef = L10000000000000000000003 /* CoreBoxSceneAdapter.swift */; };
		D20000000000000000000009 /* CoreBox2DAdapter.swift in Sources */ = {isa = PBXBuildFile; fileRef = L10000000000000000000004 /* CoreBox2DAdapter.swift */; };
		D2000000000000000000000A /* CoreBoxProofIdentity.generated.swift in Sources */ = {isa = PBXBuildFile; fileRef = K10000000000000000000002 /* Generated/CoreBoxProofIdentity.generated.swift */; };
		D2000000000000000000000B /* Fixtures/CoreBoxProofFull.usdz in Resources */ = {isa = PBXBuildFile; fileRef = K10000000000000000000003 /* Fixtures/CoreBoxProofFull.usdz */; };
		D2000000000000000000000C /* Fixtures/CoreBoxProofLite.usdz in Resources */ = {isa = PBXBuildFile; fileRef = K10000000000000000000004 /* Fixtures/CoreBoxProofLite.usdz */; };
		D2000000000000000000000D /* Fixtures/CoreBoxProofReport.json in Resources */ = {isa = PBXBuildFile; fileRef = K10000000000000000000005 /* Fixtures/CoreBoxProofReport.json */; };
		D2000000000000000000000E /* DrawPolicy.swift in Sources */ = {isa = PBXBuildFile; fileRef = A10000000000000000000004 /* DrawPolicy.swift */; };
		D2000000000000000000000F /* BoxItem.swift in Sources */ = {isa = PBXBuildFile; fileRef = A10000000000000000000003 /* BoxItem.swift */; };
		D20000000000000000000010 /* DrawJournal.swift in Sources */ = {isa = PBXBuildFile; fileRef = C10000000000000000000002 /* DrawJournal.swift */; };
		E30000000000000000000001 /* CoreBoxCompatibilityUITests.swift in Sources */ = {isa = PBXBuildFile; fileRef = E40000000000000000000001 /* CoreBoxCompatibilityUITests.swift */; };
/* End PBXBuildFile section */

/* Begin PBXContainerItemProxy section */
		A80000000000000000000003 /* PBXContainerItemProxy */ = {
			isa = PBXContainerItemProxy;
			containerPortal = A90000000000000000000001 /* Project object */;
			proxyType = 1;
			remoteGlobalIDString = A40000000000000000000001;
			remoteInfo = SomedayBox;
		};
		A80000000000000000000004 /* PBXContainerItemProxy */ = {
			isa = PBXContainerItemProxy;
			containerPortal = A90000000000000000000001 /* Project object */;
			proxyType = 1;
			remoteGlobalIDString = A40000000000000000000001;
			remoteInfo = SomedayBox;
		};
		H80000000000000000000002 /* PBXContainerItemProxy */ = {
			isa = PBXContainerItemProxy;
			containerPortal = A90000000000000000000001 /* Project object */;
			proxyType = 1;
			remoteGlobalIDString = H40000000000000000000001;
			remoteInfo = ShareExtension;
		};
		E90000000000000000000001 /* PBXContainerItemProxy */ = {
			isa = PBXContainerItemProxy;
			containerPortal = A90000000000000000000001 /* Project object */;
			proxyType = 1;
			remoteGlobalIDString = D60000000000000000000001;
			remoteInfo = CoreBoxCompatibilityHost;
		};
/* End PBXContainerItemProxy section */

/* Begin PBXCopyFilesBuildPhase section */
		H20000000000000000000001 /* Embed App Extensions */ = {
			isa = PBXCopyFilesBuildPhase;
			buildActionMask = 2147483647;
			dstPath = "";
			dstSubfolderSpec = 13;
			files = (
				H00000000000000000000007 /* ShareExtension.appex in Embed App Extensions */,
			);
			name = "Embed App Extensions";
			runOnlyForDeploymentPostprocessing = 0;
		};
/* End PBXCopyFilesBuildPhase section */

/* Begin PBXFileReference section */
		A10000000000000000000001 /* SomedayBoxApp.swift */ = {isa = PBXFileReference; lastKnownFileType = sourcecode.swift; path = SomedayBoxApp.swift; sourceTree = "<group>"; };
		A10000000000000000000002 /* RootTabView.swift */ = {isa = PBXFileReference; lastKnownFileType = sourcecode.swift; path = RootTabView.swift; sourceTree = "<group>"; };
		A10000000000000000000003 /* BoxItem.swift */ = {isa = PBXFileReference; lastKnownFileType = sourcecode.swift; path = BoxItem.swift; sourceTree = "<group>"; };
		A10000000000000000000004 /* DrawPolicy.swift */ = {isa = PBXFileReference; lastKnownFileType = sourcecode.swift; path = DrawPolicy.swift; sourceTree = "<group>"; };
		A10000000000000000000005 /* ProductRepository.swift */ = {isa = PBXFileReference; lastKnownFileType = sourcecode.swift; path = ProductRepository.swift; sourceTree = "<group>"; };
		A10000000000000000000006 /* StoreGenerationConfiguration.swift */ = {isa = PBXFileReference; lastKnownFileType = sourcecode.swift; path = StoreGenerationConfiguration.swift; sourceTree = "<group>"; };
		A10000000000000000000007 /* HomeView.swift */ = {isa = PBXFileReference; lastKnownFileType = sourcecode.swift; path = HomeView.swift; sourceTree = "<group>"; };
		A10000000000000000000008 /* BoxView.swift */ = {isa = PBXFileReference; lastKnownFileType = sourcecode.swift; path = BoxView.swift; sourceTree = "<group>"; };
		A10000000000000000000009 /* MemoriesView.swift */ = {isa = PBXFileReference; lastKnownFileType = sourcecode.swift; path = MemoriesView.swift; sourceTree = "<group>"; };
		A1000000000000000000000A /* Brand.swift */ = {isa = PBXFileReference; lastKnownFileType = sourcecode.swift; path = Brand.swift; sourceTree = "<group>"; };
		A1000000000000000000000B /* Localizable.xcstrings */ = {isa = PBXFileReference; lastKnownFileType = text.json.xcstrings; path = Localizable.xcstrings; sourceTree = "<group>"; };
		A1000000000000000000000C /* PrivacyInfo.xcprivacy */ = {isa = PBXFileReference; lastKnownFileType = text.plist.xml; path = PrivacyInfo.xcprivacy; sourceTree = "<group>"; };
		A1000000000000000000000D /* SomedayBox.entitlements */ = {isa = PBXFileReference; lastKnownFileType = text.plist.entitlements; path = SomedayBox.entitlements; sourceTree = SOURCE_ROOT; };
		A1000000000000000000000E /* DrawPolicyTests.swift */ = {isa = PBXFileReference; lastKnownFileType = sourcecode.swift; path = DrawPolicyTests.swift; sourceTree = "<group>"; };
		A1000000000000000000000F /* AppLaunchTests.swift */ = {isa = PBXFileReference; lastKnownFileType = sourcecode.swift; path = AppLaunchTests.swift; sourceTree = "<group>"; };
		A10000000000000000000010 /* SomedayBox.app */ = {isa = PBXFileReference; explicitFileType = wrapper.application; includeInIndex = 0; path = SomedayBox.app; sourceTree = BUILT_PRODUCTS_DIR; };
		A10000000000000000000011 /* SomedayBoxTests.xctest */ = {isa = PBXFileReference; explicitFileType = wrapper.cfbundle; includeInIndex = 0; path = SomedayBoxTests.xctest; sourceTree = BUILT_PRODUCTS_DIR; };
		A10000000000000000000012 /* SomedayBoxUITests.xctest */ = {isa = PBXFileReference; explicitFileType = wrapper.cfbundle; includeInIndex = 0; path = SomedayBoxUITests.xctest; sourceTree = BUILT_PRODUCTS_DIR; };
		C10000000000000000000001 /* ContentValidation.swift */ = {isa = PBXFileReference; lastKnownFileType = sourcecode.swift; path = ContentValidation.swift; sourceTree = "<group>"; };
		C10000000000000000000002 /* DrawJournal.swift */ = {isa = PBXFileReference; lastKnownFileType = sourcecode.swift; path = DrawJournal.swift; sourceTree = "<group>"; };
		C10000000000000000000003 /* LifecyclePolicy.swift */ = {isa = PBXFileReference; lastKnownFileType = sourcecode.swift; path = LifecyclePolicy.swift; sourceTree = "<group>"; };
		C10000000000000000000004 /* PersistedStateValidator.swift */ = {isa = PBXFileReference; lastKnownFileType = sourcecode.swift; path = PersistedStateValidator.swift; sourceTree = "<group>"; };
		C10000000000000000000005 /* DomainValidationTests.swift */ = {isa = PBXFileReference; lastKnownFileType = sourcecode.swift; path = DomainValidationTests.swift; sourceTree = "<group>"; };
		C10000000000000000000006 /* PersistedStateValidatorTests.swift */ = {isa = PBXFileReference; lastKnownFileType = sourcecode.swift; path = PersistedStateValidatorTests.swift; sourceTree = "<group>"; };
		D10000000000000000000001 /* MutationArbiter.swift */ = {isa = PBXFileReference; lastKnownFileType = sourcecode.swift; path = MutationArbiter.swift; sourceTree = "<group>"; };
		D10000000000000000000002 /* PaperUseCases.swift */ = {isa = PBXFileReference; lastKnownFileType = sourcecode.swift; path = PaperUseCases.swift; sourceTree = "<group>"; };
		D10000000000000000000003 /* DrawUseCases.swift */ = {isa = PBXFileReference; lastKnownFileType = sourcecode.swift; path = DrawUseCases.swift; sourceTree = "<group>"; };
		D10000000000000000000004 /* LifecycleUseCases.swift */ = {isa = PBXFileReference; lastKnownFileType = sourcecode.swift; path = LifecycleUseCases.swift; sourceTree = "<group>"; };
		D10000000000000000000005 /* SomedayBoxSchemaV1.swift */ = {isa = PBXFileReference; lastKnownFileType = sourcecode.swift; path = SomedayBoxSchemaV1.swift; sourceTree = "<group>"; };
		D10000000000000000000006 /* StoreGenerationBootstrap.swift */ = {isa = PBXFileReference; lastKnownFileType = sourcecode.swift; path = StoreGenerationBootstrap.swift; sourceTree = "<group>"; };
		D10000000000000000000007 /* SwiftDataDomainMapping.swift */ = {isa = PBXFileReference; lastKnownFileType = sourcecode.swift; path = SwiftDataDomainMapping.swift; sourceTree = "<group>"; };
		D10000000000000000000008 /* SwiftDataProductRepository.swift */ = {isa = PBXFileReference; lastKnownFileType = sourcecode.swift; path = SwiftDataProductRepository.swift; sourceTree = "<group>"; };
		D10000000000000000000009 /* ApplicationUseCaseTests.swift */ = {isa = PBXFileReference; lastKnownFileType = sourcecode.swift; path = ApplicationUseCaseTests.swift; sourceTree = "<group>"; };
		D1000000000000000000000A /* SwiftDataPersistenceTests.swift */ = {isa = PBXFileReference; lastKnownFileType = sourcecode.swift; path = SwiftDataPersistenceTests.swift; sourceTree = "<group>"; };
		E10000000000000000000001 /* BackupDocument.swift */ = {isa = PBXFileReference; lastKnownFileType = sourcecode.swift; path = BackupDocument.swift; sourceTree = "<group>"; };
		E10000000000000000000002 /* BackupDocumentTests.swift */ = {isa = PBXFileReference; lastKnownFileType = sourcecode.swift; path = BackupDocumentTests.swift; sourceTree = "<group>"; };
		F10000000000000000000001 /* GenerationProductRepository.swift */ = {isa = PBXFileReference; lastKnownFileType = sourcecode.swift; path = GenerationProductRepository.swift; sourceTree = "<group>"; };
		F10000000000000000000002 /* StoreGenerationOperationJournal.swift */ = {isa = PBXFileReference; lastKnownFileType = sourcecode.swift; path = StoreGenerationOperationJournal.swift; sourceTree = "<group>"; };
		F10000000000000000000003 /* GenerationProductRepositoryTests.swift */ = {isa = PBXFileReference; lastKnownFileType = sourcecode.swift; path = GenerationProductRepositoryTests.swift; sourceTree = "<group>"; };
		G10000000000000000000001 /* BackupFileReader.swift */ = {isa = PBXFileReference; lastKnownFileType = sourcecode.swift; path = BackupFileReader.swift; sourceTree = "<group>"; };
		G10000000000000000000002 /* Info.plist */ = {isa = PBXFileReference; lastKnownFileType = text.plist.xml; path = Info.plist; sourceTree = "<group>"; };
		H10000000000000000000001 /* SharePayloadExtraction.swift */ = {isa = PBXFileReference; lastKnownFileType = sourcecode.swift; path = SharePayloadExtraction.swift; sourceTree = "<group>"; };
		H10000000000000000000002 /* SharePayloadExtractionTests.swift */ = {isa = PBXFileReference; lastKnownFileType = sourcecode.swift; path = SharePayloadExtractionTests.swift; sourceTree = "<group>"; };
		H10000000000000000000003 /* ShareViewController.swift */ = {isa = PBXFileReference; lastKnownFileType = sourcecode.swift; path = ShareViewController.swift; sourceTree = "<group>"; };
		H10000000000000000000004 /* Info.plist */ = {isa = PBXFileReference; lastKnownFileType = text.plist.xml; path = Info.plist; sourceTree = "<group>"; };
		H10000000000000000000005 /* ShareExtension.entitlements */ = {isa = PBXFileReference; lastKnownFileType = text.plist.entitlements; path = ShareExtension.entitlements; sourceTree = "<group>"; };
		H10000000000000000000006 /* ShareExtension.appex */ = {isa = PBXFileReference; explicitFileType = "wrapper.app-extension"; includeInIndex = 0; path = ShareExtension.appex; sourceTree = BUILT_PRODUCTS_DIR; };
		I10000000000000000000001 /* ShareMailbox.swift */ = {isa = PBXFileReference; lastKnownFileType = sourcecode.swift; path = ShareMailbox.swift; sourceTree = "<group>"; };
		J10000000000000000000001 /* CoreBoxPresentation.swift */ = {isa = PBXFileReference; lastKnownFileType = sourcecode.swift; path = CoreBoxPresentation.swift; sourceTree = "<group>"; };
		J10000000000000000000002 /* CoreBoxPresentationTests.swift */ = {isa = PBXFileReference; lastKnownFileType = sourcecode.swift; path = CoreBoxPresentationTests.swift; sourceTree = "<group>"; };
		J10000000000000000000003 /* LegacyV2ProductReader.swift */ = {isa = PBXFileReference; lastKnownFileType = sourcecode.swift; path = LegacyV2ProductReader.swift; sourceTree = "<group>"; };
		J10000000000000000000004 /* BackupDocumentV3.swift */ = {isa = PBXFileReference; lastKnownFileType = sourcecode.swift; path = BackupDocumentV3.swift; sourceTree = "<group>"; };
		J10000000000000000000007 /* StoreRecoveryService.swift */ = {isa = PBXFileReference; lastKnownFileType = sourcecode.swift; path = StoreRecoveryService.swift; sourceTree = "<group>"; };
		J10000000000000000000008 /* Recovery/StoreRecoveryView.swift */ = {isa = PBXFileReference; lastKnownFileType = sourcecode.swift; path = Recovery/StoreRecoveryView.swift; sourceTree = "<group>"; };
		J10000000000000000000009 /* StoreRecoveryTests.swift */ = {isa = PBXFileReference; lastKnownFileType = sourcecode.swift; path = StoreRecoveryTests.swift; sourceTree = "<group>"; };
		K10000000000000000000001 /* CoreBoxProofIdentityTests.swift */ = {isa = PBXFileReference; lastKnownFileType = sourcecode.swift; path = CoreBoxProofIdentityTests.swift; sourceTree = "<group>"; };
		K10000000000000000000002 /* Generated/CoreBoxProofIdentity.generated.swift */ = {isa = PBXFileReference; lastKnownFileType = sourcecode.swift; path = Generated/CoreBoxProofIdentity.generated.swift; sourceTree = "<group>"; };
		K10000000000000000000003 /* Fixtures/CoreBoxProofFull.usdz */ = {isa = PBXFileReference; lastKnownFileType = file.usdz; path = Fixtures/CoreBoxProofFull.usdz; sourceTree = "<group>"; };
		K10000000000000000000004 /* Fixtures/CoreBoxProofLite.usdz */ = {isa = PBXFileReference; lastKnownFileType = file.usdz; path = Fixtures/CoreBoxProofLite.usdz; sourceTree = "<group>"; };
		K10000000000000000000005 /* Fixtures/CoreBoxProofReport.json */ = {isa = PBXFileReference; lastKnownFileType = text.json; path = Fixtures/CoreBoxProofReport.json; sourceTree = "<group>"; };
		L10000000000000000000001 /* CoreBoxAssetLoader.swift */ = {isa = PBXFileReference; lastKnownFileType = sourcecode.swift; path = CoreBoxAssetLoader.swift; sourceTree = "<group>"; };
		L10000000000000000000002 /* CoreBoxAssetValidator.swift */ = {isa = PBXFileReference; lastKnownFileType = sourcecode.swift; path = CoreBoxAssetValidator.swift; sourceTree = "<group>"; };
		L10000000000000000000003 /* CoreBoxSceneAdapter.swift */ = {isa = PBXFileReference; lastKnownFileType = sourcecode.swift; path = CoreBoxSceneAdapter.swift; sourceTree = "<group>"; };
		L10000000000000000000004 /* CoreBox2DAdapter.swift */ = {isa = PBXFileReference; lastKnownFileType = sourcecode.swift; path = CoreBox2DAdapter.swift; sourceTree = "<group>"; };
		L10000000000000000000005 /* Fixtures/CoreBoxProofAssetSource.swift */ = {isa = PBXFileReference; lastKnownFileType = sourcecode.swift; path = Fixtures/CoreBoxProofAssetSource.swift; sourceTree = "<group>"; };
		L10000000000000000000006 /* CoreBoxRealityKitAssetTests.swift */ = {isa = PBXFileReference; lastKnownFileType = sourcecode.swift; path = CoreBoxRealityKitAssetTests.swift; sourceTree = "<group>"; };
		L10000000000000000000007 /* CoreBox2DParityTests.swift */ = {isa = PBXFileReference; lastKnownFileType = sourcecode.swift; path = CoreBox2DParityTests.swift; sourceTree = "<group>"; };
		L10000000000000000000008 /* CoreBoxMotionRecipe.swift */ = {isa = PBXFileReference; lastKnownFileType = sourcecode.swift; path = CoreBoxMotionRecipe.swift; sourceTree = "<group>"; };
		L10000000000000000000009 /* CoreBoxMotionRecipeTests.swift */ = {isa = PBXFileReference; lastKnownFileType = sourcecode.swift; path = CoreBoxMotionRecipeTests.swift; sourceTree = "<group>"; };
		L1000000000000000000000A /* Support/CoreBoxTestFixtures.swift */ = {isa = PBXFileReference; lastKnownFileType = sourcecode.swift; path = Support/CoreBoxTestFixtures.swift; sourceTree = "<group>"; };
		L1000000000000000000000B /* CoreBoxTransactionReceiptTests.swift */ = {isa = PBXFileReference; lastKnownFileType = sourcecode.swift; path = CoreBoxTransactionReceiptTests.swift; sourceTree = "<group>"; };
		M10000000000000000000001 /* CoreBoxMutationOutcome.swift */ = {isa = PBXFileReference; lastKnownFileType = sourcecode.swift; path = CoreBoxMutationOutcome.swift; sourceTree = "<group>"; };
		M10000000000000000000002 /* CoreBoxProjection.swift */ = {isa = PBXFileReference; lastKnownFileType = sourcecode.swift; path = CoreBoxProjection.swift; sourceTree = "<group>"; };
		M10000000000000000000003 /* AppModelPresentationTests.swift */ = {isa = PBXFileReference; lastKnownFileType = sourcecode.swift; path = AppModelPresentationTests.swift; sourceTree = "<group>"; };
		M10000000000000000000004 /* CoreBoxPreferenceMigrationTests.swift */ = {isa = PBXFileReference; lastKnownFileType = sourcecode.swift; path = CoreBoxPreferenceMigrationTests.swift; sourceTree = "<group>"; };
		M10000000000000000000005 /* CoreBoxProjectionTests.swift */ = {isa = PBXFileReference; lastKnownFileType = sourcecode.swift; path = CoreBoxProjectionTests.swift; sourceTree = "<group>"; };
		M10000000000000000000006 /* CoreBoxPresentationCoordinator.swift */ = {isa = PBXFileReference; lastKnownFileType = sourcecode.swift; path = CoreBoxPresentationCoordinator.swift; sourceTree = "<group>"; };
		M10000000000000000000007 /* CoreBoxPresentationCoordinatorTests.swift */ = {isa = PBXFileReference; lastKnownFileType = sourcecode.swift; path = CoreBoxPresentationCoordinatorTests.swift; sourceTree = "<group>"; };
		M10000000000000000000008 /* CoreBoxInteractionSurface.swift */ = {isa = PBXFileReference; lastKnownFileType = sourcecode.swift; path = CoreBoxInteractionSurface.swift; sourceTree = "<group>"; };
		M10000000000000000000009 /* CoreBoxRibbonInteractionTests.swift */ = {isa = PBXFileReference; lastKnownFileType = sourcecode.swift; path = CoreBoxRibbonInteractionTests.swift; sourceTree = "<group>"; };
		M1000000000000000000000A /* CoreBoxIdleScheduler.swift */ = {isa = PBXFileReference; lastKnownFileType = sourcecode.swift; path = CoreBoxIdleScheduler.swift; sourceTree = "<group>"; };
		M1000000000000000000000B /* CoreBoxRendererHealthPolicy.swift */ = {isa = PBXFileReference; lastKnownFileType = sourcecode.swift; path = CoreBoxRendererHealthPolicy.swift; sourceTree = "<group>"; };
		M1000000000000000000000C /* CoreBoxIdleSchedulerTests.swift */ = {isa = PBXFileReference; lastKnownFileType = sourcecode.swift; path = CoreBoxIdleSchedulerTests.swift; sourceTree = "<group>"; };
		M1000000000000000000000D /* CoreBoxRendererHealthPolicyTests.swift */ = {isa = PBXFileReference; lastKnownFileType = sourcecode.swift; path = CoreBoxRendererHealthPolicyTests.swift; sourceTree = "<group>"; };
		N10000000000000000000001 /* CoreBoxRendererHealthMonitor.swift */ = {isa = PBXFileReference; lastKnownFileType = sourcecode.swift; path = CoreBoxRendererHealthMonitor.swift; sourceTree = "<group>"; };
		N10000000000000000000002 /* CoreBoxStage.swift */ = {isa = PBXFileReference; lastKnownFileType = sourcecode.swift; path = CoreBoxStage.swift; sourceTree = "<group>"; };
		N10000000000000000000003 /* CoreBoxRealityStage.swift */ = {isa = PBXFileReference; lastKnownFileType = sourcecode.swift; path = CoreBoxRealityStage.swift; sourceTree = "<group>"; };
		N10000000000000000000004 /* CoreBoxStageLifecycleTests.swift */ = {isa = PBXFileReference; lastKnownFileType = sourcecode.swift; path = CoreBoxStageLifecycleTests.swift; sourceTree = "<group>"; };
		N10000000000000000000005 /* DrawContextPicker.swift */ = {isa = PBXFileReference; lastKnownFileType = sourcecode.swift; path = DrawContextPicker.swift; sourceTree = "<group>"; };
		N10000000000000000000006 /* UITestLaunchConfiguration.swift */ = {isa = PBXFileReference; lastKnownFileType = sourcecode.swift; path = UITestLaunchConfiguration.swift; sourceTree = "<group>"; };
		N10000000000000000000007 /* Support/UITestLauncher.swift */ = {isa = PBXFileReference; lastKnownFileType = sourcecode.swift; path = Support/UITestLauncher.swift; sourceTree = "<group>"; };
		N10000000000000000000008 /* UITestLaunchConfigurationTests.swift */ = {isa = PBXFileReference; lastKnownFileType = sourcecode.swift; path = UITestLaunchConfigurationTests.swift; sourceTree = "<group>"; };
		O10000000000000000000001 /* CoreBoxApplicationAssetSource.swift */ = {isa = PBXFileReference; lastKnownFileType = sourcecode.swift; path = CoreBoxApplicationAssetSource.swift; sourceTree = "<group>"; };
		D30000000000000000000001 /* CoreBoxCompatibilityHostApp.swift */ = {isa = PBXFileReference; lastKnownFileType = sourcecode.swift; path = CoreBoxCompatibilityHostApp.swift; sourceTree = "<group>"; };
		D30000000000000000000002 /* CoreBoxCompatibilityProbeView.swift */ = {isa = PBXFileReference; lastKnownFileType = sourcecode.swift; path = CoreBoxCompatibilityProbeView.swift; sourceTree = "<group>"; };
		D30000000000000000000003 /* CoreBoxProofAssetSource.swift */ = {isa = PBXFileReference; lastKnownFileType = sourcecode.swift; path = CoreBoxProofAssetSource.swift; sourceTree = "<group>"; };
		D30000000000000000000004 /* Info.plist */ = {isa = PBXFileReference; lastKnownFileType = text.plist.xml; path = Info.plist; sourceTree = "<group>"; };
		D30000000000000000000005 /* CoreBoxCompatibilityHost.app */ = {isa = PBXFileReference; explicitFileType = wrapper.application; includeInIndex = 0; path = CoreBoxCompatibilityHost.app; sourceTree = BUILT_PRODUCTS_DIR; };
		E40000000000000000000001 /* CoreBoxCompatibilityUITests.swift */ = {isa = PBXFileReference; lastKnownFileType = sourcecode.swift; path = CoreBoxCompatibilityUITests.swift; sourceTree = "<group>"; };
		E40000000000000000000002 /* CoreBoxCompatibilityUITests.xctest */ = {isa = PBXFileReference; explicitFileType = wrapper.cfbundle; includeInIndex = 0; path = CoreBoxCompatibilityUITests.xctest; sourceTree = BUILT_PRODUCTS_DIR; };
/* End PBXFileReference section */

/* Begin PBXFrameworksBuildPhase section */
		A20000000000000000000001 /* Frameworks */ = {
			isa = PBXFrameworksBuildPhase;
			buildActionMask = 2147483647;
			files = (
			);
			runOnlyForDeploymentPostprocessing = 0;
		};
		A20000000000000000000002 /* Frameworks */ = {
			isa = PBXFrameworksBuildPhase;
			buildActionMask = 2147483647;
			files = (
			);
			runOnlyForDeploymentPostprocessing = 0;
		};
		A20000000000000000000003 /* Frameworks */ = {
			isa = PBXFrameworksBuildPhase;
			buildActionMask = 2147483647;
			files = (
			);
			runOnlyForDeploymentPostprocessing = 0;
		};
		H20000000000000000000002 /* Frameworks */ = {
			isa = PBXFrameworksBuildPhase;
			buildActionMask = 2147483647;
			files = (
			);
			runOnlyForDeploymentPostprocessing = 0;
		};
		D40000000000000000000001 /* Frameworks */ = {
			isa = PBXFrameworksBuildPhase;
			buildActionMask = 2147483647;
			files = (
			);
			runOnlyForDeploymentPostprocessing = 0;
		};
		E50000000000000000000001 /* Frameworks */ = {
			isa = PBXFrameworksBuildPhase;
			buildActionMask = 2147483647;
			files = (
			);
			runOnlyForDeploymentPostprocessing = 0;
		};
/* End PBXFrameworksBuildPhase section */

/* Begin PBXGroup section */
		A30000000000000000000001 = {
			isa = PBXGroup;
			children = (
				A30000000000000000000002 /* App */,
				A30000000000000000000003 /* Domain */,
				A30000000000000000000004 /* Application */,
				A30000000000000000000005 /* Data */,
				A30000000000000000000006 /* Features */,
				A30000000000000000000007 /* DesignSystem */,
				A30000000000000000000008 /* Resources */,
				A30000000000000000000009 /* SomedayBoxTests */,
				A3000000000000000000000A /* SomedayBoxUITests */,
				H30000000000000000000001 /* ShareExtension */,
				D50000000000000000000001 /* CompatibilityHost */,
				A1000000000000000000000D /* SomedayBox.entitlements */,
				A3000000000000000000000B /* Products */,
			);
			sourceTree = "<group>";
		};
		A30000000000000000000002 /* App */ = {
			isa = PBXGroup;
			children = (
				A10000000000000000000001 /* SomedayBoxApp.swift */,
				A10000000000000000000002 /* RootTabView.swift */,
				N10000000000000000000001 /* CoreBoxRendererHealthMonitor.swift */,
				N10000000000000000000006 /* UITestLaunchConfiguration.swift */,
			);
			path = App;
			sourceTree = "<group>";
		};
		A30000000000000000000003 /* Domain */ = {
			isa = PBXGroup;
			children = (
				A10000000000000000000003 /* BoxItem.swift */,
				A10000000000000000000004 /* DrawPolicy.swift */,
				C10000000000000000000001 /* ContentValidation.swift */,
				C10000000000000000000002 /* DrawJournal.swift */,
				C10000000000000000000003 /* LifecyclePolicy.swift */,
				C10000000000000000000004 /* PersistedStateValidator.swift */,
				H10000000000000000000001 /* SharePayloadExtraction.swift */,
				I10000000000000000000001 /* ShareMailbox.swift */,
			);
			path = Domain;
			sourceTree = "<group>";
		};
		A30000000000000000000004 /* Application */ = {
			isa = PBXGroup;
			children = (
				A10000000000000000000005 /* ProductRepository.swift */,
				D10000000000000000000001 /* MutationArbiter.swift */,
				D10000000000000000000002 /* PaperUseCases.swift */,
				D10000000000000000000003 /* DrawUseCases.swift */,
				D10000000000000000000004 /* LifecycleUseCases.swift */,
				J10000000000000000000001 /* CoreBoxPresentation.swift */,
				L10000000000000000000008 /* CoreBoxMotionRecipe.swift */,
				M10000000000000000000001 /* CoreBoxMutationOutcome.swift */,
				M10000000000000000000002 /* CoreBoxProjection.swift */,
				M10000000000000000000006 /* CoreBoxPresentationCoordinator.swift */,
				M1000000000000000000000A /* CoreBoxIdleScheduler.swift */,
				M1000000000000000000000B /* CoreBoxRendererHealthPolicy.swift */,
			);
			path = Application;
			sourceTree = "<group>";
		};
		A30000000000000000000005 /* Data */ = {
			isa = PBXGroup;
			children = (
				A10000000000000000000006 /* StoreGenerationConfiguration.swift */,
				D10000000000000000000005 /* SomedayBoxSchemaV1.swift */,
				D10000000000000000000006 /* StoreGenerationBootstrap.swift */,
				D10000000000000000000007 /* SwiftDataDomainMapping.swift */,
				D10000000000000000000008 /* SwiftDataProductRepository.swift */,
				E10000000000000000000001 /* BackupDocument.swift */,
				G10000000000000000000001 /* BackupFileReader.swift */,
				F10000000000000000000001 /* GenerationProductRepository.swift */,
				F10000000000000000000002 /* StoreGenerationOperationJournal.swift */,
				J10000000000000000000003 /* LegacyV2ProductReader.swift */,
				J10000000000000000000004 /* BackupDocumentV3.swift */,
				J10000000000000000000007 /* StoreRecoveryService.swift */,
			);
			path = Data;
			sourceTree = "<group>";
		};
		A30000000000000000000006 /* Features */ = {
			isa = PBXGroup;
			children = (
				A3000000000000000000000C /* Home */,
				A3000000000000000000000F /* Draw */,
				A3000000000000000000000D /* Box */,
				A3000000000000000000000E /* Memories */,
				J10000000000000000000008 /* Recovery/StoreRecoveryView.swift */,
			);
			path = Features;
			sourceTree = "<group>";
		};
		A30000000000000000000007 /* DesignSystem */ = {
			isa = PBXGroup;
			children = (
				A1000000000000000000000A /* Brand.swift */,
			);
			path = DesignSystem;
			sourceTree = "<group>";
		};
		A30000000000000000000008 /* Resources */ = {
			isa = PBXGroup;
			children = (
				G10000000000000000000002 /* Info.plist */,
				A1000000000000000000000B /* Localizable.xcstrings */,
				A1000000000000000000000C /* PrivacyInfo.xcprivacy */,
			);
			path = Resources;
			sourceTree = "<group>";
		};
		A30000000000000000000009 /* SomedayBoxTests */ = {
			isa = PBXGroup;
			children = (
				A1000000000000000000000E /* DrawPolicyTests.swift */,
				C10000000000000000000005 /* DomainValidationTests.swift */,
				C10000000000000000000006 /* PersistedStateValidatorTests.swift */,
				D10000000000000000000009 /* ApplicationUseCaseTests.swift */,
				D1000000000000000000000A /* SwiftDataPersistenceTests.swift */,
				E10000000000000000000002 /* BackupDocumentTests.swift */,
				F10000000000000000000003 /* GenerationProductRepositoryTests.swift */,
				H10000000000000000000002 /* SharePayloadExtractionTests.swift */,
				J10000000000000000000002 /* CoreBoxPresentationTests.swift */,
				J10000000000000000000009 /* StoreRecoveryTests.swift */,
				K10000000000000000000001 /* CoreBoxProofIdentityTests.swift */,
				K10000000000000000000002 /* Generated/CoreBoxProofIdentity.generated.swift */,
				K10000000000000000000003 /* Fixtures/CoreBoxProofFull.usdz */,
				K10000000000000000000004 /* Fixtures/CoreBoxProofLite.usdz */,
				K10000000000000000000005 /* Fixtures/CoreBoxProofReport.json */,
				L10000000000000000000005 /* Fixtures/CoreBoxProofAssetSource.swift */,
				L10000000000000000000006 /* CoreBoxRealityKitAssetTests.swift */,
				L10000000000000000000007 /* CoreBox2DParityTests.swift */,
				L10000000000000000000009 /* CoreBoxMotionRecipeTests.swift */,
				L1000000000000000000000A /* Support/CoreBoxTestFixtures.swift */,
				L1000000000000000000000B /* CoreBoxTransactionReceiptTests.swift */,
				M10000000000000000000003 /* AppModelPresentationTests.swift */,
				M10000000000000000000004 /* CoreBoxPreferenceMigrationTests.swift */,
				M10000000000000000000005 /* CoreBoxProjectionTests.swift */,
				M10000000000000000000007 /* CoreBoxPresentationCoordinatorTests.swift */,
				M10000000000000000000009 /* CoreBoxRibbonInteractionTests.swift */,
				M1000000000000000000000C /* CoreBoxIdleSchedulerTests.swift */,
				M1000000000000000000000D /* CoreBoxRendererHealthPolicyTests.swift */,
				N10000000000000000000004 /* CoreBoxStageLifecycleTests.swift */,
				N10000000000000000000008 /* UITestLaunchConfigurationTests.swift */,
			);
			path = SomedayBoxTests;
			sourceTree = "<group>";
		};
		A3000000000000000000000A /* SomedayBoxUITests */ = {
			isa = PBXGroup;
			children = (
				A1000000000000000000000F /* AppLaunchTests.swift */,
				N10000000000000000000007 /* Support/UITestLauncher.swift */,
			);
			path = SomedayBoxUITests;
			sourceTree = "<group>";
		};
		A3000000000000000000000B /* Products */ = {
			isa = PBXGroup;
			children = (
				A10000000000000000000010 /* SomedayBox.app */,
				A10000000000000000000011 /* SomedayBoxTests.xctest */,
				A10000000000000000000012 /* SomedayBoxUITests.xctest */,
				H10000000000000000000006 /* ShareExtension.appex */,
				D30000000000000000000005 /* CoreBoxCompatibilityHost.app */,
				E40000000000000000000002 /* CoreBoxCompatibilityUITests.xctest */,
			);
			name = Products;
			sourceTree = "<group>";
		};
		A3000000000000000000000C /* Home */ = {
			isa = PBXGroup;
			children = (
				A10000000000000000000007 /* HomeView.swift */,
				L30000000000000000000001 /* CoreBox */,
			);
			path = Home;
			sourceTree = "<group>";
		};
		A3000000000000000000000F /* Draw */ = {
			isa = PBXGroup;
			children = (
				N10000000000000000000005 /* DrawContextPicker.swift */,
			);
			path = Draw;
			sourceTree = "<group>";
		};
		L30000000000000000000001 /* CoreBox */ = {
			isa = PBXGroup;
			children = (
				L10000000000000000000001 /* CoreBoxAssetLoader.swift */,
				L10000000000000000000002 /* CoreBoxAssetValidator.swift */,
				L10000000000000000000003 /* CoreBoxSceneAdapter.swift */,
				L10000000000000000000004 /* CoreBox2DAdapter.swift */,
				M10000000000000000000008 /* CoreBoxInteractionSurface.swift */,
				N10000000000000000000002 /* CoreBoxStage.swift */,
				N10000000000000000000003 /* CoreBoxRealityStage.swift */,
				O10000000000000000000001 /* CoreBoxApplicationAssetSource.swift */,
			);
			path = CoreBox;
			sourceTree = "<group>";
		};
		A3000000000000000000000D /* Box */ = {
			isa = PBXGroup;
			children = (
				A10000000000000000000008 /* BoxView.swift */,
			);
			path = Box;
			sourceTree = "<group>";
		};
		A3000000000000000000000E /* Memories */ = {
			isa = PBXGroup;
			children = (
				A10000000000000000000009 /* MemoriesView.swift */,
			);
			path = Memories;
			sourceTree = "<group>";
		};
		H30000000000000000000001 /* ShareExtension */ = {
			isa = PBXGroup;
			children = (
				H10000000000000000000003 /* ShareViewController.swift */,
				H10000000000000000000004 /* Info.plist */,
				H10000000000000000000005 /* ShareExtension.entitlements */,
			);
			path = ShareExtension;
			sourceTree = "<group>";
		};
		D50000000000000000000001 /* CompatibilityHost */ = {
			isa = PBXGroup;
			children = (
				D30000000000000000000001 /* CoreBoxCompatibilityHostApp.swift */,
				D30000000000000000000002 /* CoreBoxCompatibilityProbeView.swift */,
				D30000000000000000000003 /* CoreBoxProofAssetSource.swift */,
				D30000000000000000000004 /* Info.plist */,
				E40000000000000000000001 /* CoreBoxCompatibilityUITests.swift */,
			);
			path = CompatibilityHost;
			sourceTree = "<group>";
		};
/* End PBXGroup section */

/* Begin PBXNativeTarget section */
		A40000000000000000000001 /* SomedayBox */ = {
			isa = PBXNativeTarget;
			buildConfigurationList = A50000000000000000000002 /* Build configuration list for PBXNativeTarget "SomedayBox" */;
			buildPhases = (
				A60000000000000000000001 /* Sources */,
				A20000000000000000000001 /* Frameworks */,
				A70000000000000000000001 /* Resources */,
				H20000000000000000000001 /* Embed App Extensions */,
			);
			buildRules = (
			);
			dependencies = (
				H80000000000000000000001 /* PBXTargetDependency */,
			);
			name = SomedayBox;
			productName = SomedayBox;
			productReference = A10000000000000000000010 /* SomedayBox.app */;
			productType = "com.apple.product-type.application";
		};
		A40000000000000000000002 /* SomedayBoxTests */ = {
			isa = PBXNativeTarget;
			buildConfigurationList = A50000000000000000000003 /* Build configuration list for PBXNativeTarget "SomedayBoxTests" */;
			buildPhases = (
				A60000000000000000000002 /* Sources */,
				A20000000000000000000002 /* Frameworks */,
				K70000000000000000000001 /* Resources */,
			);
			buildRules = (
			);
			dependencies = (
				A80000000000000000000001 /* PBXTargetDependency */,
			);
			name = SomedayBoxTests;
			productName = SomedayBoxTests;
			productReference = A10000000000000000000011 /* SomedayBoxTests.xctest */;
			productType = "com.apple.product-type.bundle.unit-test";
		};
		A40000000000000000000003 /* SomedayBoxUITests */ = {
			isa = PBXNativeTarget;
			buildConfigurationList = A50000000000000000000004 /* Build configuration list for PBXNativeTarget "SomedayBoxUITests" */;
			buildPhases = (
				A60000000000000000000003 /* Sources */,
				A20000000000000000000003 /* Frameworks */,
			);
			buildRules = (
			);
			dependencies = (
				A80000000000000000000002 /* PBXTargetDependency */,
			);
			name = SomedayBoxUITests;
			productName = SomedayBoxUITests;
			productReference = A10000000000000000000012 /* SomedayBoxUITests.xctest */;
			productType = "com.apple.product-type.bundle.ui-testing";
		};
		H40000000000000000000001 /* ShareExtension */ = {
			isa = PBXNativeTarget;
			buildConfigurationList = H50000000000000000000001 /* Build configuration list for PBXNativeTarget "ShareExtension" */;
			buildPhases = (
				H60000000000000000000001 /* Sources */,
				H20000000000000000000002 /* Frameworks */,
			);
			buildRules = (
			);
			dependencies = (
			);
			name = ShareExtension;
			productName = ShareExtension;
			productReference = H10000000000000000000006 /* ShareExtension.appex */;
			productType = "com.apple.product-type.app-extension";
		};
		D60000000000000000000001 /* CoreBoxCompatibilityHost */ = {
			isa = PBXNativeTarget;
			buildConfigurationList = D70000000000000000000001 /* Build configuration list for PBXNativeTarget "CoreBoxCompatibilityHost" */;
			buildPhases = (
				D80000000000000000000001 /* Sources */,
				D40000000000000000000001 /* Frameworks */,
				D90000000000000000000001 /* Resources */,
			);
			buildRules = (
			);
			dependencies = (
			);
			name = CoreBoxCompatibilityHost;
			productName = CoreBoxCompatibilityHost;
			productReference = D30000000000000000000005 /* CoreBoxCompatibilityHost.app */;
			productType = "com.apple.product-type.application";
		};
		E60000000000000000000001 /* CoreBoxCompatibilityUITests */ = {
			isa = PBXNativeTarget;
			buildConfigurationList = E70000000000000000000001 /* Build configuration list for PBXNativeTarget "CoreBoxCompatibilityUITests" */;
			buildPhases = (
				E80000000000000000000001 /* Sources */,
				E50000000000000000000001 /* Frameworks */,
			);
			buildRules = (
			);
			dependencies = (
				E90000000000000000000002 /* PBXTargetDependency */,
			);
			name = CoreBoxCompatibilityUITests;
			productName = CoreBoxCompatibilityUITests;
			productReference = E40000000000000000000002 /* CoreBoxCompatibilityUITests.xctest */;
			productType = "com.apple.product-type.bundle.ui-testing";
		};
/* End PBXNativeTarget section */

/* Begin PBXProject section */
		A90000000000000000000001 /* Project object */ = {
			isa = PBXProject;
			attributes = {
				BuildIndependentTargetsInParallel = 1;
				LastSwiftUpdateCheck = 2600;
				LastUpgradeCheck = 2600;
				TargetAttributes = {
					A40000000000000000000001 = {
						CreatedOnToolsVersion = 26.0;
					};
					A40000000000000000000002 = {
						CreatedOnToolsVersion = 26.0;
						TestTargetID = A40000000000000000000001;
					};
					A40000000000000000000003 = {
						CreatedOnToolsVersion = 26.0;
						TestTargetID = A40000000000000000000001;
					};
					H40000000000000000000001 = {
						CreatedOnToolsVersion = 26.0;
					};
					D60000000000000000000001 = {
						CreatedOnToolsVersion = 26.0;
					};
					E60000000000000000000001 = {
						CreatedOnToolsVersion = 26.0;
						TestTargetID = D60000000000000000000001;
					};
				};
			};
			buildConfigurationList = A50000000000000000000001 /* Build configuration list for PBXProject "SomedayBox" */;
			compatibilityVersion = "Xcode 16.0";
			developmentRegion = en;
			hasScannedForEncodings = 0;
			knownRegions = (
				en,
				"zh-Hans",
			);
			mainGroup = A30000000000000000000001;
			productRefGroup = A3000000000000000000000B /* Products */;
			projectDirPath = "";
			projectRoot = "";
			targets = (
				A40000000000000000000001 /* SomedayBox */,
				A40000000000000000000002 /* SomedayBoxTests */,
				A40000000000000000000003 /* SomedayBoxUITests */,
				H40000000000000000000001 /* ShareExtension */,
				D60000000000000000000001 /* CoreBoxCompatibilityHost */,
				E60000000000000000000001 /* CoreBoxCompatibilityUITests */,
			);
		};
/* End PBXProject section */

/* Begin PBXResourcesBuildPhase section */
		A70000000000000000000001 /* Resources */ = {
			isa = PBXResourcesBuildPhase;
			buildActionMask = 2147483647;
			files = (
				A0000000000000000000000B /* Localizable.xcstrings in Resources */,
				A0000000000000000000000C /* PrivacyInfo.xcprivacy in Resources */,
			);
			runOnlyForDeploymentPostprocessing = 0;
		};
		K70000000000000000000001 /* Resources */ = {
			isa = PBXResourcesBuildPhase;
			buildActionMask = 2147483647;
			files = (
				K00000000000000000000003 /* Fixtures/CoreBoxProofFull.usdz in Resources */,
				K00000000000000000000004 /* Fixtures/CoreBoxProofLite.usdz in Resources */,
				K00000000000000000000005 /* Fixtures/CoreBoxProofReport.json in Resources */,
			);
			runOnlyForDeploymentPostprocessing = 0;
		};
		D90000000000000000000001 /* Resources */ = {
			isa = PBXResourcesBuildPhase;
			buildActionMask = 2147483647;
			files = (
				D2000000000000000000000B /* Fixtures/CoreBoxProofFull.usdz in Resources */,
				D2000000000000000000000C /* Fixtures/CoreBoxProofLite.usdz in Resources */,
				D2000000000000000000000D /* Fixtures/CoreBoxProofReport.json in Resources */,
			);
			runOnlyForDeploymentPostprocessing = 0;
		};
/* End PBXResourcesBuildPhase section */

/* Begin PBXSourcesBuildPhase section */
		A60000000000000000000001 /* Sources */ = {
			isa = PBXSourcesBuildPhase;
			buildActionMask = 2147483647;
			files = (
				A00000000000000000000001 /* SomedayBoxApp.swift in Sources */,
				A00000000000000000000002 /* RootTabView.swift in Sources */,
				A00000000000000000000003 /* BoxItem.swift in Sources */,
				A00000000000000000000004 /* DrawPolicy.swift in Sources */,
				H00000000000000000000001 /* SharePayloadExtraction.swift in Sources */,
				I00000000000000000000001 /* ShareMailbox.swift in Sources */,
				C00000000000000000000001 /* ContentValidation.swift in Sources */,
				C00000000000000000000002 /* DrawJournal.swift in Sources */,
				C00000000000000000000003 /* LifecyclePolicy.swift in Sources */,
				C00000000000000000000004 /* PersistedStateValidator.swift in Sources */,
				A00000000000000000000005 /* ProductRepository.swift in Sources */,
				D00000000000000000000001 /* MutationArbiter.swift in Sources */,
				D00000000000000000000002 /* PaperUseCases.swift in Sources */,
				D00000000000000000000003 /* DrawUseCases.swift in Sources */,
				D00000000000000000000004 /* LifecycleUseCases.swift in Sources */,
				J00000000000000000000001 /* CoreBoxPresentation.swift in Sources */,
				L00000000000000000000008 /* CoreBoxMotionRecipe.swift in Sources */,
				M00000000000000000000001 /* CoreBoxMutationOutcome.swift in Sources */,
				M00000000000000000000002 /* CoreBoxProjection.swift in Sources */,
				M00000000000000000000006 /* CoreBoxPresentationCoordinator.swift in Sources */,
				M0000000000000000000000A /* CoreBoxIdleScheduler.swift in Sources */,
				M0000000000000000000000B /* CoreBoxRendererHealthPolicy.swift in Sources */,
				N00000000000000000000001 /* CoreBoxRendererHealthMonitor.swift in Sources */,
				M00000000000000000000008 /* CoreBoxInteractionSurface.swift in Sources */,
				A00000000000000000000006 /* StoreGenerationConfiguration.swift in Sources */,
				D00000000000000000000005 /* SomedayBoxSchemaV1.swift in Sources */,
				D00000000000000000000006 /* StoreGenerationBootstrap.swift in Sources */,
				D00000000000000000000007 /* SwiftDataDomainMapping.swift in Sources */,
				D00000000000000000000008 /* SwiftDataProductRepository.swift in Sources */,
				E00000000000000000000001 /* BackupDocument.swift in Sources */,
				G00000000000000000000001 /* BackupFileReader.swift in Sources */,
				F00000000000000000000001 /* GenerationProductRepository.swift in Sources */,
				F00000000000000000000002 /* StoreGenerationOperationJournal.swift in Sources */,
				J00000000000000000000003 /* LegacyV2ProductReader.swift in Sources */,
				J00000000000000000000004 /* BackupDocumentV3.swift in Sources */,
				J00000000000000000000007 /* StoreRecoveryService.swift in Sources */,
				J00000000000000000000008 /* Recovery/StoreRecoveryView.swift in Sources */,
				L00000000000000000000001 /* CoreBoxAssetLoader.swift in Sources */,
				L00000000000000000000002 /* CoreBoxAssetValidator.swift in Sources */,
				L00000000000000000000003 /* CoreBoxSceneAdapter.swift in Sources */,
				L00000000000000000000004 /* CoreBox2DAdapter.swift in Sources */,
				N00000000000000000000002 /* CoreBoxStage.swift in Sources */,
				N00000000000000000000003 /* CoreBoxRealityStage.swift in Sources */,
				O00000000000000000000001 /* CoreBoxApplicationAssetSource.swift in Sources */,
				A00000000000000000000007 /* HomeView.swift in Sources */,
				N00000000000000000000005 /* DrawContextPicker.swift in Sources */,
				N00000000000000000000006 /* UITestLaunchConfiguration.swift in Sources */,
				A00000000000000000000008 /* BoxView.swift in Sources */,
				A00000000000000000000009 /* MemoriesView.swift in Sources */,
				A0000000000000000000000A /* Brand.swift in Sources */,
			);
			runOnlyForDeploymentPostprocessing = 0;
		};
		A60000000000000000000002 /* Sources */ = {
			isa = PBXSourcesBuildPhase;
			buildActionMask = 2147483647;
			files = (
				A0000000000000000000000D /* DrawPolicyTests.swift in Sources */,
				C00000000000000000000005 /* DomainValidationTests.swift in Sources */,
				C00000000000000000000006 /* PersistedStateValidatorTests.swift in Sources */,
				D00000000000000000000009 /* ApplicationUseCaseTests.swift in Sources */,
				D0000000000000000000000A /* SwiftDataPersistenceTests.swift in Sources */,
				E00000000000000000000002 /* BackupDocumentTests.swift in Sources */,
				F00000000000000000000003 /* GenerationProductRepositoryTests.swift in Sources */,
				H00000000000000000000002 /* SharePayloadExtractionTests.swift in Sources */,
				J00000000000000000000002 /* CoreBoxPresentationTests.swift in Sources */,
				J00000000000000000000009 /* StoreRecoveryTests.swift in Sources */,
				K00000000000000000000001 /* CoreBoxProofIdentityTests.swift in Sources */,
				K00000000000000000000002 /* Generated/CoreBoxProofIdentity.generated.swift in Sources */,
				L00000000000000000000005 /* Fixtures/CoreBoxProofAssetSource.swift in Sources */,
				L00000000000000000000006 /* CoreBoxRealityKitAssetTests.swift in Sources */,
				L00000000000000000000007 /* CoreBox2DParityTests.swift in Sources */,
				L00000000000000000000009 /* CoreBoxMotionRecipeTests.swift in Sources */,
				L0000000000000000000000A /* Support/CoreBoxTestFixtures.swift in Sources */,
				L0000000000000000000000B /* CoreBoxTransactionReceiptTests.swift in Sources */,
				M00000000000000000000003 /* AppModelPresentationTests.swift in Sources */,
				M00000000000000000000004 /* CoreBoxPreferenceMigrationTests.swift in Sources */,
				M00000000000000000000005 /* CoreBoxProjectionTests.swift in Sources */,
				M00000000000000000000007 /* CoreBoxPresentationCoordinatorTests.swift in Sources */,
				M00000000000000000000009 /* CoreBoxRibbonInteractionTests.swift in Sources */,
				M0000000000000000000000C /* CoreBoxIdleSchedulerTests.swift in Sources */,
				M0000000000000000000000D /* CoreBoxRendererHealthPolicyTests.swift in Sources */,
				N00000000000000000000004 /* CoreBoxStageLifecycleTests.swift in Sources */,
				N00000000000000000000008 /* UITestLaunchConfigurationTests.swift in Sources */,
			);
			runOnlyForDeploymentPostprocessing = 0;
		};
		A60000000000000000000003 /* Sources */ = {
			isa = PBXSourcesBuildPhase;
			buildActionMask = 2147483647;
			files = (
				A0000000000000000000000E /* AppLaunchTests.swift in Sources */,
				N00000000000000000000007 /* Support/UITestLauncher.swift in Sources */,
			);
			runOnlyForDeploymentPostprocessing = 0;
		};
		H60000000000000000000001 /* Sources */ = {
			isa = PBXSourcesBuildPhase;
			buildActionMask = 2147483647;
			files = (
				H00000000000000000000003 /* ShareViewController.swift in Sources */,
				H00000000000000000000004 /* BoxItem.swift in Sources */,
				H00000000000000000000005 /* ContentValidation.swift in Sources */,
				H00000000000000000000006 /* SharePayloadExtraction.swift in Sources */,
				I00000000000000000000002 /* ShareMailbox.swift in Sources */,
			);
			runOnlyForDeploymentPostprocessing = 0;
		};
		D80000000000000000000001 /* Sources */ = {
			isa = PBXSourcesBuildPhase;
			buildActionMask = 2147483647;
			files = (
				D20000000000000000000001 /* CoreBoxCompatibilityHostApp.swift in Sources */,
				D20000000000000000000002 /* CoreBoxCompatibilityProbeView.swift in Sources */,
				D20000000000000000000003 /* CoreBoxProofAssetSource.swift in Sources */,
				D20000000000000000000004 /* CoreBoxPresentation.swift in Sources */,
				D20000000000000000000005 /* CoreBoxMotionRecipe.swift in Sources */,
				D20000000000000000000006 /* CoreBoxAssetLoader.swift in Sources */,
				D20000000000000000000007 /* CoreBoxAssetValidator.swift in Sources */,
				D20000000000000000000008 /* CoreBoxSceneAdapter.swift in Sources */,
				D20000000000000000000009 /* CoreBox2DAdapter.swift in Sources */,
				D2000000000000000000000A /* CoreBoxProofIdentity.generated.swift in Sources */,
				D2000000000000000000000E /* DrawPolicy.swift in Sources */,
				D2000000000000000000000F /* BoxItem.swift in Sources */,
				D20000000000000000000010 /* DrawJournal.swift in Sources */,
			);
			runOnlyForDeploymentPostprocessing = 0;
		};
		E80000000000000000000001 /* Sources */ = {
			isa = PBXSourcesBuildPhase;
			buildActionMask = 2147483647;
			files = (
				E30000000000000000000001 /* CoreBoxCompatibilityUITests.swift in Sources */,
			);
			runOnlyForDeploymentPostprocessing = 0;
		};
/* End PBXSourcesBuildPhase section */

/* Begin PBXTargetDependency section */
		A80000000000000000000001 /* PBXTargetDependency */ = {
			isa = PBXTargetDependency;
			target = A40000000000000000000001 /* SomedayBox */;
			targetProxy = A80000000000000000000003 /* PBXContainerItemProxy */;
		};
		A80000000000000000000002 /* PBXTargetDependency */ = {
			isa = PBXTargetDependency;
			target = A40000000000000000000001 /* SomedayBox */;
			targetProxy = A80000000000000000000004 /* PBXContainerItemProxy */;
		};
		H80000000000000000000001 /* PBXTargetDependency */ = {
			isa = PBXTargetDependency;
			target = H40000000000000000000001 /* ShareExtension */;
			targetProxy = H80000000000000000000002 /* PBXContainerItemProxy */;
		};
		E90000000000000000000002 /* PBXTargetDependency */ = {
			isa = PBXTargetDependency;
			target = D60000000000000000000001 /* CoreBoxCompatibilityHost */;
			targetProxy = E90000000000000000000001 /* PBXContainerItemProxy */;
		};
/* End PBXTargetDependency section */

/* Begin XCBuildConfiguration section */
		B00000000000000000000001 /* Debug */ = {
			isa = XCBuildConfiguration;
			buildSettings = {
				ALWAYS_SEARCH_USER_PATHS = NO;
				CLANG_ENABLE_MODULES = YES;
				CLANG_ENABLE_OBJC_ARC = YES;
				CLANG_WARN_QUOTED_INCLUDE_IN_FRAMEWORK_HEADER = YES;
				COPY_PHASE_STRIP = NO;
				DEBUG_INFORMATION_FORMAT = dwarf;
				ENABLE_TESTABILITY = YES;
				GCC_C_LANGUAGE_STANDARD = gnu17;
				GCC_NO_COMMON_BLOCKS = YES;
				GCC_OPTIMIZATION_LEVEL = 0;
				MTL_ENABLE_DEBUG_INFO = INCLUDE_SOURCE;
				ONLY_ACTIVE_ARCH = YES;
				SDKROOT = iphoneos;
				SWIFT_ACTIVE_COMPILATION_CONDITIONS = "DEBUG $(inherited)";
				SWIFT_OPTIMIZATION_LEVEL = "-Onone";
			};
			name = Debug;
		};
		B00000000000000000000002 /* Release */ = {
			isa = XCBuildConfiguration;
			buildSettings = {
				ALWAYS_SEARCH_USER_PATHS = NO;
				CLANG_ENABLE_MODULES = YES;
				CLANG_ENABLE_OBJC_ARC = YES;
				COPY_PHASE_STRIP = YES;
				DEBUG_INFORMATION_FORMAT = "dwarf-with-dsym";
				ENABLE_NS_ASSERTIONS = NO;
				GCC_C_LANGUAGE_STANDARD = gnu17;
				GCC_NO_COMMON_BLOCKS = YES;
				SWIFT_COMPILATION_MODE = wholemodule;
				SWIFT_OPTIMIZATION_LEVEL = "-O";
			};
			name = Release;
		};
		B00000000000000000000003 /* Debug */ = {
			isa = XCBuildConfiguration;
			buildSettings = {
				CODE_SIGN_ENTITLEMENTS = SomedayBox.entitlements;
				CODE_SIGN_STYLE = Automatic;
				CURRENT_PROJECT_VERSION = 1;
				DEVELOPMENT_ASSET_PATHS = "";
				DEVELOPMENT_TEAM = X43ZLX7882;
				ENABLE_PREVIEWS = YES;
				GENERATE_INFOPLIST_FILE = NO;
				INFOPLIST_FILE = Resources/Info.plist;
				IPHONEOS_DEPLOYMENT_TARGET = 18.0;
				MARKETING_VERSION = 0.1.0;
				PRODUCT_BUNDLE_IDENTIFIER = com.sy.somedaybox;
				PRODUCT_NAME = "$(TARGET_NAME)";
				SUPPORTED_PLATFORMS = "iphoneos iphonesimulator";
				SUPPORTS_MACCATALYST = NO;
				SWIFT_EMIT_LOC_STRINGS = YES;
				SWIFT_STRICT_CONCURRENCY = complete;
				SWIFT_VERSION = 6.0;
				TARGETED_DEVICE_FAMILY = 1;
			};
			name = Debug;
		};
		B00000000000000000000004 /* Release */ = {
			isa = XCBuildConfiguration;
			buildSettings = {
				CODE_SIGN_ENTITLEMENTS = SomedayBox.entitlements;
				CODE_SIGN_STYLE = Automatic;
				CURRENT_PROJECT_VERSION = 1;
				DEVELOPMENT_TEAM = X43ZLX7882;
				GENERATE_INFOPLIST_FILE = NO;
				INFOPLIST_FILE = Resources/Info.plist;
				IPHONEOS_DEPLOYMENT_TARGET = 18.0;
				MARKETING_VERSION = 0.1.0;
				PRODUCT_BUNDLE_IDENTIFIER = com.sy.somedaybox;
				PRODUCT_NAME = "$(TARGET_NAME)";
				SUPPORTED_PLATFORMS = "iphoneos iphonesimulator";
				SUPPORTS_MACCATALYST = NO;
				SWIFT_EMIT_LOC_STRINGS = YES;
				SWIFT_STRICT_CONCURRENCY = complete;
				SWIFT_VERSION = 6.0;
				TARGETED_DEVICE_FAMILY = 1;
			};
			name = Release;
		};
		B00000000000000000000005 /* Debug */ = {
			isa = XCBuildConfiguration;
			buildSettings = {
				BUNDLE_LOADER = "$(TEST_HOST)";
				CODE_SIGN_IDENTITY = "Apple Development";
				CODE_SIGN_STYLE = Automatic;
				DEVELOPMENT_TEAM = X43ZLX7882;
				GENERATE_INFOPLIST_FILE = YES;
				IPHONEOS_DEPLOYMENT_TARGET = 18.0;
				PRODUCT_BUNDLE_IDENTIFIER = com.sy.somedaybox.tests;
				PRODUCT_NAME = "$(TARGET_NAME)";
				PROVISIONING_PROFILE_SPECIFIER = "";
				SWIFT_STRICT_CONCURRENCY = complete;
				SWIFT_VERSION = 6.0;
				TEST_HOST = "$(BUILT_PRODUCTS_DIR)/SomedayBox.app/$(BUNDLE_EXECUTABLE_FOLDER_PATH)/SomedayBox";
			};
			name = Debug;
		};
		B00000000000000000000006 /* Release */ = {
			isa = XCBuildConfiguration;
			buildSettings = {
				BUNDLE_LOADER = "$(TEST_HOST)";
				GENERATE_INFOPLIST_FILE = YES;
				IPHONEOS_DEPLOYMENT_TARGET = 18.0;
				PRODUCT_BUNDLE_IDENTIFIER = com.somedaybox.app.tests;
				PRODUCT_NAME = "$(TARGET_NAME)";
				SWIFT_STRICT_CONCURRENCY = complete;
				SWIFT_VERSION = 6.0;
				TEST_HOST = "$(BUILT_PRODUCTS_DIR)/SomedayBox.app/$(BUNDLE_EXECUTABLE_FOLDER_PATH)/SomedayBox";
			};
			name = Release;
		};
		B00000000000000000000007 /* Debug */ = {
			isa = XCBuildConfiguration;
			buildSettings = {
				CODE_SIGN_IDENTITY = "Apple Development";
				CODE_SIGN_STYLE = Automatic;
				DEVELOPMENT_TEAM = X43ZLX7882;
				GENERATE_INFOPLIST_FILE = YES;
				IPHONEOS_DEPLOYMENT_TARGET = 18.0;
				PRODUCT_BUNDLE_IDENTIFIER = com.sy.somedaybox.uitests;
				PRODUCT_NAME = "$(TARGET_NAME)";
				PROVISIONING_PROFILE_SPECIFIER = "";
				SWIFT_STRICT_CONCURRENCY = complete;
				SWIFT_VERSION = 6.0;
				TEST_TARGET_NAME = SomedayBox;
			};
			name = Debug;
		};
		B00000000000000000000008 /* Release */ = {
			isa = XCBuildConfiguration;
			buildSettings = {
				GENERATE_INFOPLIST_FILE = YES;
				IPHONEOS_DEPLOYMENT_TARGET = 18.0;
				PRODUCT_BUNDLE_IDENTIFIER = com.somedaybox.app.uitests;
				PRODUCT_NAME = "$(TARGET_NAME)";
				SWIFT_STRICT_CONCURRENCY = complete;
				SWIFT_VERSION = 6.0;
				TEST_TARGET_NAME = SomedayBox;
			};
			name = Release;
		};
		H90000000000000000000001 /* Debug */ = {
			isa = XCBuildConfiguration;
			buildSettings = {
				CODE_SIGN_ENTITLEMENTS = ShareExtension/ShareExtension.entitlements;
				CODE_SIGN_STYLE = Automatic;
				CURRENT_PROJECT_VERSION = 1;
				DEVELOPMENT_TEAM = X43ZLX7882;
				GENERATE_INFOPLIST_FILE = NO;
				INFOPLIST_FILE = ShareExtension/Info.plist;
				IPHONEOS_DEPLOYMENT_TARGET = 18.0;
				MARKETING_VERSION = 0.1.0;
				PRODUCT_BUNDLE_IDENTIFIER = com.sy.somedaybox.share;
				PRODUCT_NAME = "$(TARGET_NAME)";
				SKIP_INSTALL = YES;
				SUPPORTED_PLATFORMS = "iphoneos iphonesimulator";
				SWIFT_STRICT_CONCURRENCY = complete;
				SWIFT_VERSION = 6.0;
				TARGETED_DEVICE_FAMILY = "1,2";
			};
			name = Debug;
		};
		H90000000000000000000002 /* Release */ = {
			isa = XCBuildConfiguration;
			buildSettings = {
				CODE_SIGN_ENTITLEMENTS = ShareExtension/ShareExtension.entitlements;
				CODE_SIGN_STYLE = Automatic;
				CURRENT_PROJECT_VERSION = 1;
				DEVELOPMENT_TEAM = X43ZLX7882;
				GENERATE_INFOPLIST_FILE = NO;
				INFOPLIST_FILE = ShareExtension/Info.plist;
				IPHONEOS_DEPLOYMENT_TARGET = 18.0;
				MARKETING_VERSION = 0.1.0;
				PRODUCT_BUNDLE_IDENTIFIER = com.sy.somedaybox.share;
				PRODUCT_NAME = "$(TARGET_NAME)";
				SKIP_INSTALL = YES;
				SUPPORTED_PLATFORMS = "iphoneos iphonesimulator";
				SWIFT_STRICT_CONCURRENCY = complete;
				SWIFT_VERSION = 6.0;
				TARGETED_DEVICE_FAMILY = "1,2";
			};
			name = Release;
		};
		E20000000000000000000001 /* Debug */ = {
			isa = XCBuildConfiguration;
			buildSettings = {
				CODE_SIGN_STYLE = Automatic;
				CURRENT_PROJECT_VERSION = 1;
				DEVELOPMENT_TEAM = X43ZLX7882;
				GENERATE_INFOPLIST_FILE = NO;
				INFOPLIST_FILE = CompatibilityHost/Info.plist;
				IPHONEOS_DEPLOYMENT_TARGET = 18.0;
				MARKETING_VERSION = 0.1.0;
				PRODUCT_BUNDLE_IDENTIFIER = com.sy.somedaybox.compatibility;
				PRODUCT_NAME = "$(TARGET_NAME)";
				SUPPORTED_PLATFORMS = "iphoneos iphonesimulator";
				SWIFT_STRICT_CONCURRENCY = complete;
				SWIFT_VERSION = 6.0;
				TARGETED_DEVICE_FAMILY = 1;
			};
			name = Debug;
		};
		E20000000000000000000002 /* Release */ = {
			isa = XCBuildConfiguration;
			buildSettings = {
				CODE_SIGN_STYLE = Automatic;
				CURRENT_PROJECT_VERSION = 1;
				DEVELOPMENT_TEAM = X43ZLX7882;
				GENERATE_INFOPLIST_FILE = NO;
				INFOPLIST_FILE = CompatibilityHost/Info.plist;
				IPHONEOS_DEPLOYMENT_TARGET = 18.0;
				MARKETING_VERSION = 0.1.0;
				PRODUCT_BUNDLE_IDENTIFIER = com.sy.somedaybox.compatibility;
				PRODUCT_NAME = "$(TARGET_NAME)";
				SUPPORTED_PLATFORMS = "iphoneos iphonesimulator";
				SWIFT_STRICT_CONCURRENCY = complete;
				SWIFT_VERSION = 6.0;
				TARGETED_DEVICE_FAMILY = 1;
			};
			name = Release;
		};
		F20000000000000000000001 /* Debug */ = {
			isa = XCBuildConfiguration;
			buildSettings = {
				CODE_SIGN_IDENTITY = "Apple Development";
				CODE_SIGN_STYLE = Automatic;
				DEVELOPMENT_TEAM = X43ZLX7882;
				GENERATE_INFOPLIST_FILE = YES;
				IPHONEOS_DEPLOYMENT_TARGET = 18.0;
				PRODUCT_BUNDLE_IDENTIFIER = com.sy.somedaybox.compatibility.uitests;
				PRODUCT_NAME = "$(TARGET_NAME)";
				SWIFT_STRICT_CONCURRENCY = complete;
				SWIFT_VERSION = 6.0;
				TEST_TARGET_NAME = CoreBoxCompatibilityHost;
			};
			name = Debug;
		};
		F20000000000000000000002 /* Release */ = {
			isa = XCBuildConfiguration;
			buildSettings = {
				GENERATE_INFOPLIST_FILE = YES;
				IPHONEOS_DEPLOYMENT_TARGET = 18.0;
				PRODUCT_BUNDLE_IDENTIFIER = com.sy.somedaybox.compatibility.uitests;
				PRODUCT_NAME = "$(TARGET_NAME)";
				SWIFT_STRICT_CONCURRENCY = complete;
				SWIFT_VERSION = 6.0;
				TEST_TARGET_NAME = CoreBoxCompatibilityHost;
			};
			name = Release;
		};
/* End XCBuildConfiguration section */

/* Begin XCConfigurationList section */
		A50000000000000000000001 /* Build configuration list for PBXProject "SomedayBox" */ = {
			isa = XCConfigurationList;
			buildConfigurations = (
				B00000000000000000000001 /* Debug */,
				B00000000000000000000002 /* Release */,
			);
			defaultConfigurationIsVisible = 0;
			defaultConfigurationName = Release;
		};
		A50000000000000000000002 /* Build configuration list for PBXNativeTarget "SomedayBox" */ = {
			isa = XCConfigurationList;
			buildConfigurations = (
				B00000000000000000000003 /* Debug */,
				B00000000000000000000004 /* Release */,
			);
			defaultConfigurationIsVisible = 0;
			defaultConfigurationName = Release;
		};
		A50000000000000000000003 /* Build configuration list for PBXNativeTarget "SomedayBoxTests" */ = {
			isa = XCConfigurationList;
			buildConfigurations = (
				B00000000000000000000005 /* Debug */,
				B00000000000000000000006 /* Release */,
			);
			defaultConfigurationIsVisible = 0;
			defaultConfigurationName = Release;
		};
		A50000000000000000000004 /* Build configuration list for PBXNativeTarget "SomedayBoxUITests" */ = {
			isa = XCConfigurationList;
			buildConfigurations = (
				B00000000000000000000007 /* Debug */,
				B00000000000000000000008 /* Release */,
			);
			defaultConfigurationIsVisible = 0;
			defaultConfigurationName = Release;
		};
		H50000000000000000000001 /* Build configuration list for PBXNativeTarget "ShareExtension" */ = {
			isa = XCConfigurationList;
			buildConfigurations = (
				H90000000000000000000001 /* Debug */,
				H90000000000000000000002 /* Release */,
			);
			defaultConfigurationIsVisible = 0;
			defaultConfigurationName = Release;
		};
		D70000000000000000000001 /* Build configuration list for PBXNativeTarget "CoreBoxCompatibilityHost" */ = {
			isa = XCConfigurationList;
			buildConfigurations = (
				E20000000000000000000001 /* Debug */,
				E20000000000000000000002 /* Release */,
			);
			defaultConfigurationIsVisible = 0;
			defaultConfigurationName = Release;
		};
		E70000000000000000000001 /* Build configuration list for PBXNativeTarget "CoreBoxCompatibilityUITests" */ = {
			isa = XCConfigurationList;
			buildConfigurations = (
				F20000000000000000000001 /* Debug */,
				F20000000000000000000002 /* Release */,
			);
			defaultConfigurationIsVisible = 0;
			defaultConfigurationName = Release;
		};
/* End XCConfigurationList section */
	};
	rootObject = A90000000000000000000001 /* Project object */;
}
